
Microsoft Visual Studio Solution File, Format Version 12.00
# Visual Studio 14
VisualStudioVersion = 14.0.25420.1
MinimumVisualStudioVersion = 10.0.40219.1
Project("{FAE04EC0-301F-11D3-BF4B-00C04F79EFBC}") = "ProgettoM", "ProgettoM\ProgettoM.csproj", "{D7CD22A1-AD69-44D2-8979-E1DFF2790F63}"
EndProject
Project("{FAE04EC0-301F-11D3-BF4B-00C04F79EFBC}") = "Server", "Server\Server.csproj", "{20DB502D-A7FE-40A3-BEF8-B4834F041B09}"
EndProject
Project("{FAE04EC0-301F-11D3-BF4B-00C04F79EFBC}") = "Client", "Client\Client.csproj", "{FCF17A02-B074-4EEA-A066-CF5274C28C45}"
EndProject
Global
	GlobalSection(SolutionConfigurationPlatforms) = preSolution
		Debug|Any CPU = Debug|Any CPU
		Release|Any CPU = Release|Any CPU
	EndGlobalSection
	GlobalSection(ProjectConfigurationPlatforms) = postSolution
		{D7CD22A1-AD69-44D2-8979-E1DFF2790F63}.Debug|Any CPU.ActiveCfg = Debug|Any CPU
		{D7CD22A1-AD69-44D2-8979-E1DFF2790F63}.Debug|Any CPU.Build.0 = Debug|Any CPU
		{D7CD22A1-AD69-44D2-8979-E1DFF2790F63}.Release|Any CPU.ActiveCfg = Release|Any CPU
		{D7CD22A1-AD69-44D2-8979-E1DFF2790F63}.Release|Any CPU.Build.0 = Release|Any CPU
		{20DB502D-A7FE-40A3-BEF8-B4834F041B09}.Debug|Any CPU.ActiveCfg = Debug|Any CPU
		{20DB502D-A7FE-40A3-BEF8-B4834F041B09}.Debug|Any CPU.Build.0 = Debug|Any CPU
		{20DB502D-A7FE-40A3-BEF8-B4834F041B09}.Release|Any CPU.ActiveCfg = Release|Any CPU
		{20DB502D-A7FE-40A3-BEF8-B4834F041B09}.Release|Any CPU.Build.0 = Release|Any CPU
		{FCF17A02-B074-4EEA-A066-CF5274C28C45}.Debug|Any CPU.ActiveCfg = Debug|Any CPU
		{FCF17A02-B074-4EEA-A066-CF5274C28C45}.Debug|Any CPU.Build.0 = Debug|Any CPU
		{FCF17A02-B074-4EEA-A066-CF5274C28C45}.Release|Any CPU.ActiveCfg = Release|Any CPU
		{FCF17A02-B074-4EEA-A066-CF5274C28C45}.Release|Any CPU.Build.0 = Release|Any CPU
	EndGlobalSection
	GlobalSection(SolutionProperties) = preSolution
		HideSolutionNode = FALSE
	EndGlobalSection
EndGlobal
